
Microsoft Visual Studio Solution File, Format Version 12.00
# Visual Studio Version 17
VisualStudioVersion = 17.10.34607.79
MinimumVisualStudioVersion = 10.0.40219.1
Project("{FAE04EC0-301F-11D3-BF4B-00C04F79EFBC}") = "pryCalvetEtapa5", "pryCalvetEtapa5.csproj", "{53129ED1-6A89-46A7-965A-634F329324DA}"
EndProject
Global
	GlobalSection(SolutionConfigurationPlatforms) = preSolution
		Debug|Any CPU = Debug|Any CPU
		Release|Any CPU = Release|Any CPU
	EndGlobalSection
	GlobalSection(ProjectConfigurationPlatforms) = postSolution
		{53129ED1-6A89-46A7-965A-634F329324DA}.Debug|Any CPU.ActiveCfg = Debug|Any CPU
		{53129ED1-6A89-46A7-965A-634F329324DA}.Debug|Any CPU.Build.0 = Debug|Any CPU
		{53129ED1-6A89-46A7-965A-634F329324DA}.Release|Any CPU.ActiveCfg = Release|Any CPU
		{53129ED1-6A89-46A7-965A-634F329324DA}.Release|Any CPU.Build.0 = Release|Any CPU
	EndGlobalSection
	GlobalSection(SolutionProperties) = preSolution
		HideSolutionNode = FALSE
	EndGlobalSection
	GlobalSection(ExtensibilityGlobals) = postSolution
		SolutionGuid = {B94B75B1-CEC1-4F17-9394-B9D18D103F39}
	EndGlobalSection
EndGlobal
